
Microsoft Visual Studio Solution File, Format Version 12.00
# Visual Studio Version 17
VisualStudioVersion = 17.0.32112.339
MinimumVisualStudioVersion = 10.0.40219.1
Project("{8BC9CEB8-8B4A-11D0-8D11-00A0C91BC942}") = "Codeforces-Problem-1646B", "Codeforces-Problem-1646B\Codeforces-Problem-1646B.vcxproj", "{6D13CA7C-00B2-48F2-9C05-A958DE154CE1}"
EndProject
Global
	GlobalSection(SolutionConfigurationPlatforms) = preSolution
		Debug|x64 = Debug|x64
		Debug|x86 = Debug|x86
		Release|x64 = Release|x64
		Release|x86 = Release|x86
	EndGlobalSection
	GlobalSection(ProjectConfigurationPlatforms) = postSolution
		{6D13CA7C-00B2-48F2-9C05-A958DE154CE1}.Debug|x64.ActiveCfg = Debug|x64
		{6D13CA7C-00B2-48F2-9C05-A958DE154CE1}.Debug|x64.Build.0 = Debug|x64
		{6D13CA7C-00B2-48F2-9C05-A958DE154CE1}.Debug|x86.ActiveCfg = Debug|Win32
		{6D13CA7C-00B2-48F2-9C05-A958DE154CE1}.Debug|x86.Build.0 = Debug|Win32
		{6D13CA7C-00B2-48F2-9C05-A958DE154CE1}.Release|x64.ActiveCfg = Release|x64
		{6D13CA7C-00B2-48F2-9C05-A958DE154CE1}.Release|x64.Build.0 = Release|x64
		{6D13CA7C-00B2-48F2-9C05-A958DE154CE1}.Release|x86.ActiveCfg = Release|Win32
		{6D13CA7C-00B2-48F2-9C05-A958DE154CE1}.Release|x86.Build.0 = Release|Win32
	EndGlobalSection
	GlobalSection(SolutionProperties) = preSolution
		HideSolutionNode = FALSE
	EndGlobalSection
	GlobalSection(ExtensibilityGlobals) = postSolution
		SolutionGuid = {303B6D1A-8A88-47DD-AC47-5BFB80090090}
	EndGlobalSection
EndGlobal
